
Microsoft Visual Studio Solution File, Format Version 12.00
# Visual Studio Version 17
VisualStudioVersion = 17.4.33122.133
MinimumVisualStudioVersion = 10.0.40219.1
Project("{FAE04EC0-301F-11D3-BF4B-00C04F79EFBC}") = "NZWalks.API", "NZWalks.API\NZWalks.API.csproj", "{72273B27-82A4-4CC7-AFCF-3F6593214452}"
EndProject
Global
	GlobalSection(SolutionConfigurationPlatforms) = preSolution
		Debug|Any CPU = Debug|Any CPU
		Release|Any CPU = Release|Any CPU
	EndGlobalSection
	GlobalSection(ProjectConfigurationPlatforms) = postSolution
		{72273B27-82A4-4CC7-AFCF-3F6593214452}.Debug|Any CPU.ActiveCfg = Debug|Any CPU
		{72273B27-82A4-4CC7-AFCF-3F6593214452}.Debug|Any CPU.Build.0 = Debug|Any CPU
		{72273B27-82A4-4CC7-AFCF-3F6593214452}.Release|Any CPU.ActiveCfg = Release|Any CPU
		{72273B27-82A4-4CC7-AFCF-3F6593214452}.Release|Any CPU.Build.0 = Release|Any CPU
	EndGlobalSection
	GlobalSection(SolutionProperties) = preSolution
		HideSolutionNode = FALSE
	EndGlobalSection
	GlobalSection(ExtensibilityGlobals) = postSolution
		SolutionGuid = {9A5DD43F-5E9B-4D48-BD8F-BA14C20B0890}
	EndGlobalSection
EndGlobal
